hash: 190967ba77c8e7564344a948c736a1cc590f2fd2cf9b49946925619190d6009b
updated: 2019-03-08T13:45:59.360447-05:00
imports:
- name: github.com/coreos/dex
  version: 6e50c18458842b8eec2f5219e3588fec918d5663
  subpackages:
  - api
  - connector
  - connector/ldap
- name: github.com/coreos/go-oidc
  version: 065b426bd41667456c1a924468f507673629c46b
- name: github.com/coreos/go-systemd
  version: 48702e0da86bd25e76cfef347e2adeb434a0d0a6
  subpackages:
  - journal
- name: github.com/coreos/pkg
  version: 7373797ee9cd9f7bcfa6a19632c2f66a1183ebb3
  subpackages:
  - capnslog
  - flagutil
  - health
  - httputil
  - netutil
  - timeutil
- name: github.com/golang/protobuf
  version: b4deda0973fb4c70b50d226b1af49f3da59f5265
  subpackages:
  - proto
- name: github.com/gorilla/websocket
  version: 4ac909741dfa57448bfadfdbca0cf7eeaa68f0e2
- name: github.com/jonboulle/clockwork
  version: 3f831b65b61282ba6bece21b91beea2edc4c887a
- name: github.com/kylelemons/godebug
  version: 21cb3784d9bda523911b96719efba02b7e983256
  subpackages:
  - diff
  - pretty
- name: github.com/motemen/go-loghttp
  version: 974ac5ceac271576caabe1c0bddf2b7eed471f67
  subpackages:
  - global
- name: github.com/motemen/go-nuts
  version: 42c35bdb11c20ff50bb14ef05750e8dcdfc75ea5
  subpackages:
  - roundtime
- name: github.com/pquerna/cachecontrol
  version: c97913dcbd76de40b051a9b4cd827f7eaeb7a868
  subpackages:
  - cacheobject
- name: golang.org/x/net
  version: 0ed95abb35c445290478a5348a7b38bb154135fd
  subpackages:
  - context
  - context/ctxhttp
  - http2
  - http2/hpack
  - idna
  - internal/timeseries
  - lex/httplex
  - trace
- name: golang.org/x/oauth2
  version: 921ae394b9430ed4fb549668d7b087601bd60a81
  subpackages:
  - internal
- name: golang.org/x/text
  version: b19bf474d317b857955b12035d2c5acb57ce8b01
  subpackages:
  - secure/bidirule
  - transform
  - unicode/bidi
  - unicode/norm
- name: google.golang.org/appengine
  version: 54a98f90d1c46b7731eb8fb305d2a321c30ef610
  subpackages:
  - internal
  - internal/base
  - internal/datastore
  - internal/log
  - internal/remote_api
  - internal/urlfetch
  - urlfetch
- name: google.golang.org/grpc
  version: b1a2821ca5a4fd6b6e48ddfbb7d6d7584d839d21
  subpackages:
  - codes
  - credentials
  - grpclog
  - internal
  - metadata
  - naming
  - peer
  - transport
- name: gopkg.in/asn1-ber.v1
  version: 4e86f4367175e39f69d9358a5f17b4dda270378d
- name: gopkg.in/ldap.v2
  version: d0a5ced67b4dc310b9158d63a2c6f9c5ec13f105
- name: gopkg.in/square/go-jose.v2
  version: 296c7f1463ec9b712176dc804dea0173d06dc728
  subpackages:
  - cipher
  - json
- name: gopkg.in/yaml.v2
  version: 5420a8b6744d3b0345ab293f6fcba19c978f1183
testImports: []
